
Microsoft Visual Studio Solution File, Format Version 12.00
Project("{FAE04EC0-301F-11D3-BF4B-00C04F79EFBC}") = "CSharpExcise.Console", "CSharpExcise.Console\CSharpExcise.Console.csproj", "{A027BF86-C2DF-48ED-B293-454B44E9704B}"
EndProject
Project("{FAE04EC0-301F-11D3-BF4B-00C04F79EFBC}") = "CSharpTest", "CSharpTest\CSharpTest.csproj", "{B4767467-5E8F-424E-8952-5A202DDDF951}"
EndProject
Global
	GlobalSection(SolutionConfigurationPlatforms) = preSolution
		Debug|Any CPU = Debug|Any CPU
		Release|Any CPU = Release|Any CPU
	EndGlobalSection
	GlobalSection(ProjectConfigurationPlatforms) = postSolution
		{A027BF86-C2DF-48ED-B293-454B44E9704B}.Debug|Any CPU.ActiveCfg = Debug|Any CPU
		{A027BF86-C2DF-48ED-B293-454B44E9704B}.Debug|Any CPU.Build.0 = Debug|Any CPU
		{A027BF86-C2DF-48ED-B293-454B44E9704B}.Release|Any CPU.ActiveCfg = Release|Any CPU
		{A027BF86-C2DF-48ED-B293-454B44E9704B}.Release|Any CPU.Build.0 = Release|Any CPU
		{B4767467-5E8F-424E-8952-5A202DDDF951}.Debug|Any CPU.ActiveCfg = Debug|Any CPU
		{B4767467-5E8F-424E-8952-5A202DDDF951}.Debug|Any CPU.Build.0 = Debug|Any CPU
		{B4767467-5E8F-424E-8952-5A202DDDF951}.Release|Any CPU.ActiveCfg = Release|Any CPU
		{B4767467-5E8F-424E-8952-5A202DDDF951}.Release|Any CPU.Build.0 = Release|Any CPU
	EndGlobalSection
EndGlobal
