
Microsoft Visual Studio Solution File, Format Version 12.00
Project("{FAE04EC0-301F-11D3-BF4B-00C04F79EFBC}") = "CSharpExcise.Console", "CSharpExcise.Console\CSharpExcise.Console.csproj", "{A027BF86-C2DF-48ED-B293-454B44E9704B}"
EndProject
Project("{2150E333-8FDC-42A3-9474-1A3956D46DE8}") = "Presentation", "Presentation", "{2A1EDF3E-4384-425D-B987-9C641443DA8A}"
EndProject
Project("{2150E333-8FDC-42A3-9474-1A3956D46DE8}") = "Service", "Service", "{301F4CD3-ED7F-4A8A-B9F5-C33ADCDAA1FF}"
EndProject
Project("{FAE04EC0-301F-11D3-BF4B-00C04F79EFBC}") = "Syntax", "Syntax\Syntax.csproj", "{2F670F04-67BA-4BD8-BEA9-CE468E63526C}"
EndProject
Project("{FAE04EC0-301F-11D3-BF4B-00C04F79EFBC}") = "CQRSExcise.Web", "CQRSExcise.Web\CQRSExcise.Web.csproj", "{5A3D6F56-B30C-40E2-AC3E-45C20A96453D}"
EndProject
Global
	GlobalSection(SolutionConfigurationPlatforms) = preSolution
		Debug|Any CPU = Debug|Any CPU
		Release|Any CPU = Release|Any CPU
	EndGlobalSection
	GlobalSection(ProjectConfigurationPlatforms) = postSolution
		{A027BF86-C2DF-48ED-B293-454B44E9704B}.Debug|Any CPU.ActiveCfg = Debug|Any CPU
		{A027BF86-C2DF-48ED-B293-454B44E9704B}.Debug|Any CPU.Build.0 = Debug|Any CPU
		{A027BF86-C2DF-48ED-B293-454B44E9704B}.Release|Any CPU.ActiveCfg = Release|Any CPU
		{A027BF86-C2DF-48ED-B293-454B44E9704B}.Release|Any CPU.Build.0 = Release|Any CPU
		{2F670F04-67BA-4BD8-BEA9-CE468E63526C}.Debug|Any CPU.ActiveCfg = Debug|Any CPU
		{2F670F04-67BA-4BD8-BEA9-CE468E63526C}.Debug|Any CPU.Build.0 = Debug|Any CPU
		{2F670F04-67BA-4BD8-BEA9-CE468E63526C}.Release|Any CPU.ActiveCfg = Release|Any CPU
		{2F670F04-67BA-4BD8-BEA9-CE468E63526C}.Release|Any CPU.Build.0 = Release|Any CPU
		{5A3D6F56-B30C-40E2-AC3E-45C20A96453D}.Debug|Any CPU.ActiveCfg = Debug|Any CPU
		{5A3D6F56-B30C-40E2-AC3E-45C20A96453D}.Debug|Any CPU.Build.0 = Debug|Any CPU
		{5A3D6F56-B30C-40E2-AC3E-45C20A96453D}.Release|Any CPU.ActiveCfg = Release|Any CPU
		{5A3D6F56-B30C-40E2-AC3E-45C20A96453D}.Release|Any CPU.Build.0 = Release|Any CPU
	EndGlobalSection
	GlobalSection(NestedProjects) = preSolution
		{A027BF86-C2DF-48ED-B293-454B44E9704B} = {2A1EDF3E-4384-425D-B987-9C641443DA8A}
		{2F670F04-67BA-4BD8-BEA9-CE468E63526C} = {301F4CD3-ED7F-4A8A-B9F5-C33ADCDAA1FF}
		{5A3D6F56-B30C-40E2-AC3E-45C20A96453D} = {2A1EDF3E-4384-425D-B987-9C641443DA8A}
	EndGlobalSection
EndGlobal
